
Microsoft Visual Studio Solution File, Format Version 12.00
# Visual Studio Version 17
VisualStudioVersion = 17.6.33815.320
MinimumVisualStudioVersion = 10.0.40219.1
Project("{FAE04EC0-301F-11D3-BF4B-00C04F79EFBC}") = "YasHesaplamaUygulamasi", "YasHesaplamaUygulamasi\YasHesaplamaUygulamasi.csproj", "{B881D19E-7C21-4AC1-B0E2-26019C4FC256}"
EndProject
Global
	GlobalSection(SolutionConfigurationPlatforms) = preSolution
		Debug|Any CPU = Debug|Any CPU
		Release|Any CPU = Release|Any CPU
	EndGlobalSection
	GlobalSection(ProjectConfigurationPlatforms) = postSolution
		{B881D19E-7C21-4AC1-B0E2-26019C4FC256}.Debug|Any CPU.ActiveCfg = Debug|Any CPU
		{B881D19E-7C21-4AC1-B0E2-26019C4FC256}.Debug|Any CPU.Build.0 = Debug|Any CPU
		{B881D19E-7C21-4AC1-B0E2-26019C4FC256}.Release|Any CPU.ActiveCfg = Release|Any CPU
		{B881D19E-7C21-4AC1-B0E2-26019C4FC256}.Release|Any CPU.Build.0 = Release|Any CPU
	EndGlobalSection
	GlobalSection(SolutionProperties) = preSolution
		HideSolutionNode = FALSE
	EndGlobalSection
	GlobalSection(ExtensibilityGlobals) = postSolution
		SolutionGuid = {1AAE96AD-E211-4E92-BE24-38335F53BBAB}
	EndGlobalSection
EndGlobal
